// !$*UTF8*$!
{
	archiveVersion = 1;
	classes = {
	};
	objectVersion = 77;
	objects = {

/* Begin PBXContainerItemProxy section */
		F1A000000000000000000301 /* PBXContainerItemProxy */ = {
			isa = PBXContainerItemProxy;
			containerPortal = F1A000000000000000000001 /* Project object */;
			proxyType = 1;
			remoteGlobalIDString = F1A000000000000000000101;
			remoteInfo = FundhubPrompter;
		};
/* End PBXContainerItemProxy section */

/* Begin PBXFileReference section */
		F1A000000000000000000011 /* FundhubPrompter.app */ = {isa = PBXFileReference; explicitFileType = wrapper.application; includeInIndex = 0; path = FundhubPrompter.app; sourceTree = BUILT_PRODUCTS_DIR; };
		F1A000000000000000000012 /* FundhubPrompterTests.xctest */ = {isa = PBXFileReference; explicitFileType = wrapper.cfbundle; includeInIndex = 0; path = FundhubPrompterTests.xctest; sourceTree = BUILT_PRODUCTS_DIR; };
/* End PBXFileReference section */

/* Begin PBXFileSystemSynchronizedRootGroup section */
		F1A000000000000000000021 /* FundhubPrompter */ = {
			isa = PBXFileSystemSynchronizedRootGroup;
			path = FundhubPrompter;
			sourceTree = "<group>";
		};
		F1A000000000000000000022 /* FundhubPrompterTests */ = {
			isa = PBXFileSystemSynchronizedRootGroup;
			path = FundhubPrompterTests;
			sourceTree = "<group>";
		};
/* End PBXFileSystemSynchronizedRootGroup section */

/* Begin PBXFrameworksBuildPhase section */
		F1A000000000000000000201 /* Frameworks */ = {
			isa = PBXFrameworksBuildPhase;
			buildActionMask = 2147483647;
			files = (
			);
			runOnlyForDeploymentPostprocessing = 0;
		};
		F1A000000000000000000211 /* Frameworks */ = {
			isa = PBXFrameworksBuildPhase;
			buildActionMask = 2147483647;
			files = (
			);
			runOnlyForDeploymentPostprocessing = 0;
		};
/* End PBXFrameworksBuildPhase section */

/* Begin PBXGroup section */
		F1A000000000000000000002 = {
			isa = PBXGroup;
			children = (
				F1A000000000000000000021 /* FundhubPrompter */,
				F1A000000000000000000022 /* FundhubPrompterTests */,
				F1A000000000000000000003 /* Products */,
			);
			sourceTree = "<group>";
		};
		F1A000000000000000000003 /* Products */ = {
			isa = PBXGroup;
			children = (
				F1A000000000000000000011 /* FundhubPrompter.app */,
				F1A000000000000000000012 /* FundhubPrompterTests.xctest */,
			);
			name = Products;
			sourceTree = "<group>";
		};
/* End PBXGroup section */

/* Begin PBXNativeTarget section */
		F1A000000000000000000101 /* FundhubPrompter */ = {
			isa = PBXNativeTarget;
			buildConfigurationList = F1A000000000000000000402 /* Build configuration list for PBXNativeTarget "FundhubPrompter" */;
			buildPhases = (
				F1A000000000000000000200 /* Sources */,
				F1A000000000000000000201 /* Frameworks */,
				F1A000000000000000000202 /* Resources */,
			);
			buildRules = (
			);
			dependencies = (
			);
			fileSystemSynchronizedGroups = (
				F1A000000000000000000021 /* FundhubPrompter */,
			);
			name = FundhubPrompter;
			packageProductDependencies = (
			);
			productName = FundhubPrompter;
			productReference = F1A000000000000000000011 /* FundhubPrompter.app */;
			productType = "com.apple.product-type.application";
		};
		F1A000000000000000000102 /* FundhubPrompterTests */ = {
			isa = PBXNativeTarget;
			buildConfigurationList = F1A000000000000000000403 /* Build configuration list for PBXNativeTarget "FundhubPrompterTests" */;
			buildPhases = (
				F1A000000000000000000210 /* Sources */,
				F1A000000000000000000211 /* Frameworks */,
				F1A000000000000000000212 /* Resources */,
			);
			buildRules = (
			);
			dependencies = (
				F1A000000000000000000302 /* PBXTargetDependency */,
			);
			fileSystemSynchronizedGroups = (
				F1A000000000000000000022 /* FundhubPrompterTests */,
			);
			name = FundhubPrompterTests;
			packageProductDependencies = (
			);
			productName = FundhubPrompterTests;
			productReference = F1A000000000000000000012 /* FundhubPrompterTests.xctest */;
			productType = "com.apple.product-type.bundle.unit-test";
		};
/* End PBXNativeTarget section */

/* Begin PBXProject section */
		F1A000000000000000000001 /* Project object */ = {
			isa = PBXProject;
			attributes = {
				BuildIndependentTargetsInParallel = 1;
				LastSwiftUpdateCheck = 1600;
				LastUpgradeCheck = 1600;
				TargetAttributes = {
					F1A000000000000000000101 = {
						CreatedOnToolsVersion = 16.0;
					};
					F1A000000000000000000102 = {
						CreatedOnToolsVersion = 16.0;
						TestTargetID = F1A000000000000000000101;
					};
				};
			};
			buildConfigurationList = F1A000000000000000000401 /* Build configuration list for PBXProject "FundhubPrompter" */;
			developmentRegion = en;
			hasScannedForEncodings = 0;
			knownRegions = (
				en,
				Base,
			);
			mainGroup = F1A000000000000000000002;
			minimizedProjectReferenceProxies = 1;
			preferredProjectObjectVersion = 77;
			productRefGroup = F1A000000000000000000003 /* Products */;
			projectDirPath = "";
			projectRoot = "";
			targets = (
				F1A000000000000000000101 /* FundhubPrompter */,
				F1A000000000000000000102 /* FundhubPrompterTests */,
			);
		};
/* End PBXProject section */

/* Begin PBXResourcesBuildPhase section */
		F1A000000000000000000202 /* Resources */ = {
			isa = PBXResourcesBuildPhase;
			buildActionMask = 2147483647;
			files = (
			);
			runOnlyForDeploymentPostprocessing = 0;
		};
		F1A000000000000000000212 /* Resources */ = {
			isa = PBXResourcesBuildPhase;
			buildActionMask = 2147483647;
			files = (
			);
			runOnlyForDeploymentPostprocessing = 0;
		};
/* End PBXResourcesBuildPhase section */

/* Begin PBXSourcesBuildPhase section */
		F1A000000000000000000200 /* Sources */ = {
			isa = PBXSourcesBuildPhase;
			buildActionMask = 2147483647;
			files = (
			);
			runOnlyForDeploymentPostprocessing = 0;
		};
		F1A000000000000000000210 /* Sources */ = {
			isa = PBXSourcesBuildPhase;
			buildActionMask = 2147483647;
			files = (
			);
			runOnlyForDeploymentPostprocessing = 0;
		};
/* End PBXSourcesBuildPhase section */

/* Begin PBXTargetDependency section */
		F1A000000000000000000302 /* PBXTargetDependency */ = {
			isa = PBXTargetDependency;
			target = F1A000000000000000000101 /* FundhubPrompter */;
			targetProxy = F1A000000000000000000301 /* PBXContainerItemProxy */;
		};
/* End PBXTargetDependency section */

/* Begin XCBuildConfiguration section */
		F1A000000000000000000501 /* Debug */ = {
			isa = XCBuildConfiguration;
			buildSettings = {
				ALWAYS_SEARCH_USER_PATHS = NO;
				CLANG_ENABLE_MODULES = YES;
				CLANG_ENABLE_OBJC_ARC = YES;
				COPY_PHASE_STRIP = NO;
				DEBUG_INFORMATION_FORMAT = dwarf;
				ENABLE_STRICT_OBJC_MSGSEND = YES;
				ENABLE_TESTABILITY = YES;
				GCC_OPTIMIZATION_LEVEL = 0;
				GCC_PREPROCESSOR_DEFINITIONS = (
					"DEBUG=1",
					"$(inherited)",
				);
				IPHONEOS_DEPLOYMENT_TARGET = 17.0;
				MTL_ENABLE_DEBUG_INFO = INCLUDE_SOURCE;
				ONLY_ACTIVE_ARCH = YES;
				SDKROOT = iphoneos;
				SWIFT_ACTIVE_COMPILATION_CONDITIONS = "DEBUG $(inherited)";
				SWIFT_OPTIMIZATION_LEVEL = "-Onone";
			};
			name = Debug;
		};
		F1A000000000000000000502 /* Release */ = {
			isa = XCBuildConfiguration;
			buildSettings = {
				ALWAYS_SEARCH_USER_PATHS = NO;
				CLANG_ENABLE_MODULES = YES;
				CLANG_ENABLE_OBJC_ARC = YES;
				COPY_PHASE_STRIP = NO;
				DEBUG_INFORMATION_FORMAT = "dwarf-with-dsym";
				ENABLE_NS_ASSERTIONS = NO;
				ENABLE_STRICT_OBJC_MSGSEND = YES;
				IPHONEOS_DEPLOYMENT_TARGET = 17.0;
				MTL_ENABLE_DEBUG_INFO = NO;
				SDKROOT = iphoneos;
				SWIFT_COMPILATION_MODE = wholemodule;
				VALIDATE_PRODUCT = YES;
			};
			name = Release;
		};
		F1A000000000000000000511 /* Debug */ = {
			isa = XCBuildConfiguration;
			buildSettings = {
				CODE_SIGN_STYLE = Automatic;
				CURRENT_PROJECT_VERSION = 1;
				DEVELOPMENT_TEAM = "";
				ENABLE_PREVIEWS = YES;
				GENERATE_INFOPLIST_FILE = YES;
				INFOPLIST_KEY_CFBundleDisplayName = "Fundhub Prompter";
				INFOPLIST_KEY_LSApplicationCategoryType = "public.app-category.productivity";
				INFOPLIST_KEY_NSCameraUsageDescription = "Fundhub Prompter films you with the front camera while you read.";
				INFOPLIST_KEY_NSMicrophoneUsageDescription = "Fundhub Prompter records your voice with the video.";
				INFOPLIST_KEY_NSPhotoLibraryAddUsageDescription = "Fundhub Prompter saves each take to Photos with its take name.";
				INFOPLIST_KEY_UIApplicationSceneManifest_Generation = YES;
				INFOPLIST_KEY_UIApplicationSupportsIndirectInputEvents = YES;
				INFOPLIST_KEY_UILaunchScreen_Generation = YES;
				INFOPLIST_KEY_UIRequiresFullScreen = YES;
				INFOPLIST_KEY_UIStatusBarHidden = YES;
				INFOPLIST_KEY_UISupportedInterfaceOrientations_iPad = "UIInterfaceOrientationPortrait UIInterfaceOrientationPortraitUpsideDown UIInterfaceOrientationLandscapeLeft UIInterfaceOrientationLandscapeRight";
				INFOPLIST_KEY_UISupportedInterfaceOrientations_iPhone = "UIInterfaceOrientationPortrait UIInterfaceOrientationLandscapeLeft UIInterfaceOrientationLandscapeRight";
				LD_RUNPATH_SEARCH_PATHS = (
					"$(inherited)",
					"@executable_path/Frameworks",
				);
				MARKETING_VERSION = 1.0;
				PRODUCT_BUNDLE_IDENTIFIER = ai.fundhub.prompter;
				PRODUCT_NAME = "$(TARGET_NAME)";
				SWIFT_EMIT_LOC_STRINGS = NO;
				SWIFT_VERSION = 5.0;
				TARGETED_DEVICE_FAMILY = "1,2";
			};
			name = Debug;
		};
		F1A000000000000000000512 /* Release */ = {
			isa = XCBuildConfiguration;
			buildSettings = {
				CODE_SIGN_STYLE = Automatic;
				CURRENT_PROJECT_VERSION = 1;
				DEVELOPMENT_TEAM = "";
				ENABLE_PREVIEWS = YES;
				GENERATE_INFOPLIST_FILE = YES;
				INFOPLIST_KEY_CFBundleDisplayName = "Fundhub Prompter";
				INFOPLIST_KEY_LSApplicationCategoryType = "public.app-category.productivity";
				INFOPLIST_KEY_NSCameraUsageDescription = "Fundhub Prompter films you with the front camera while you read.";
				INFOPLIST_KEY_NSMicrophoneUsageDescription = "Fundhub Prompter records your voice with the video.";
				INFOPLIST_KEY_NSPhotoLibraryAddUsageDescription = "Fundhub Prompter saves each take to Photos with its take name.";
				INFOPLIST_KEY_UIApplicationSceneManifest_Generation = YES;
				INFOPLIST_KEY_UIApplicationSupportsIndirectInputEvents = YES;
				INFOPLIST_KEY_UILaunchScreen_Generation = YES;
				INFOPLIST_KEY_UIRequiresFullScreen = YES;
				INFOPLIST_KEY_UIStatusBarHidden = YES;
				INFOPLIST_KEY_UISupportedInterfaceOrientations_iPad = "UIInterfaceOrientationPortrait UIInterfaceOrientationPortraitUpsideDown UIInterfaceOrientationLandscapeLeft UIInterfaceOrientationLandscapeRight";
				INFOPLIST_KEY_UISupportedInterfaceOrientations_iPhone = "UIInterfaceOrientationPortrait UIInterfaceOrientationLandscapeLeft UIInterfaceOrientationLandscapeRight";
				LD_RUNPATH_SEARCH_PATHS = (
					"$(inherited)",
					"@executable_path/Frameworks",
				);
				MARKETING_VERSION = 1.0;
				PRODUCT_BUNDLE_IDENTIFIER = ai.fundhub.prompter;
				PRODUCT_NAME = "$(TARGET_NAME)";
				SWIFT_EMIT_LOC_STRINGS = NO;
				SWIFT_VERSION = 5.0;
				TARGETED_DEVICE_FAMILY = "1,2";
			};
			name = Release;
		};
		F1A000000000000000000521 /* Debug */ = {
			isa = XCBuildConfiguration;
			buildSettings = {
				BUNDLE_LOADER = "$(TEST_HOST)";
				CODE_SIGN_STYLE = Automatic;
				CURRENT_PROJECT_VERSION = 1;
				DEVELOPMENT_TEAM = "";
				GENERATE_INFOPLIST_FILE = YES;
				MARKETING_VERSION = 1.0;
				PRODUCT_BUNDLE_IDENTIFIER = ai.fundhub.prompter.tests;
				PRODUCT_NAME = "$(TARGET_NAME)";
				SWIFT_EMIT_LOC_STRINGS = NO;
				SWIFT_VERSION = 5.0;
				TARGETED_DEVICE_FAMILY = "1,2";
				TEST_HOST = "$(BUILT_PRODUCTS_DIR)/FundhubPrompter.app/$(BUNDLE_EXECUTABLE_FOLDER_PATH)/FundhubPrompter";
			};
			name = Debug;
		};
		F1A000000000000000000522 /* Release */ = {
			isa = XCBuildConfiguration;
			buildSettings = {
				BUNDLE_LOADER = "$(TEST_HOST)";
				CODE_SIGN_STYLE = Automatic;
				CURRENT_PROJECT_VERSION = 1;
				DEVELOPMENT_TEAM = "";
				GENERATE_INFOPLIST_FILE = YES;
				MARKETING_VERSION = 1.0;
				PRODUCT_BUNDLE_IDENTIFIER = ai.fundhub.prompter.tests;
				PRODUCT_NAME = "$(TARGET_NAME)";
				SWIFT_EMIT_LOC_STRINGS = NO;
				SWIFT_VERSION = 5.0;
				TARGETED_DEVICE_FAMILY = "1,2";
				TEST_HOST = "$(BUILT_PRODUCTS_DIR)/FundhubPrompter.app/$(BUNDLE_EXECUTABLE_FOLDER_PATH)/FundhubPrompter";
			};
			name = Release;
		};
/* End XCBuildConfiguration section */

/* Begin XCConfigurationList section */
		F1A000000000000000000401 /* Build configuration list for PBXProject "FundhubPrompter" */ = {
			isa = XCConfigurationList;
			buildConfigurations = (
				F1A000000000000000000501 /* Debug */,
				F1A000000000000000000502 /* Release */,
			);
			defaultConfigurationIsVisible = 0;
			defaultConfigurationName = Release;
		};
		F1A000000000000000000402 /* Build configuration list for PBXNativeTarget "FundhubPrompter" */ = {
			isa = XCConfigurationList;
			buildConfigurations = (
				F1A000000000000000000511 /* Debug */,
				F1A000000000000000000512 /* Release */,
			);
			defaultConfigurationIsVisible = 0;
			defaultConfigurationName = Release;
		};
		F1A000000000000000000403 /* Build configuration list for PBXNativeTarget "FundhubPrompterTests" */ = {
			isa = XCConfigurationList;
			buildConfigurations = (
				F1A000000000000000000521 /* Debug */,
				F1A000000000000000000522 /* Release */,
			);
			defaultConfigurationIsVisible = 0;
			defaultConfigurationName = Release;
		};
/* End XCConfigurationList section */
	};
	rootObject = F1A000000000000000000001 /* Project object */;
}
